
Microsoft Visual Studio Solution File, Format Version 12.00
# Visual Studio Version 16
VisualStudioVersion = 16.0.29613.14
MinimumVisualStudioVersion = 10.0.40219.1
Project("{2150E333-8FDC-42A3-9474-1A3956D46DE8}") = "src", "src", "{B5186A81-34C1-4CD3-A8C5-EE3712C1EEB2}"
EndProject
Project("{2150E333-8FDC-42A3-9474-1A3956D46DE8}") = "tests", "tests", "{2AFA2085-63F8-482E-AF59-AE59B5871596}"
EndProject
Project("{9A19103F-16F7-4668-BE54-9A1E7A4F7556}") = "AppDomain", "src\Domain\AppDomain.csproj", "{2207366E-2E8A-4E8B-9689-45A56B2ABCD9}"
EndProject
Project("{9A19103F-16F7-4668-BE54-9A1E7A4F7556}") = "Application", "src\Application\Application.csproj", "{E06F0FCE-92EA-49DA-B11E-9EC490419260}"
EndProject
Project("{9A19103F-16F7-4668-BE54-9A1E7A4F7556}") = "Infrastructure", "src\Infrastructure\Infrastructure.csproj", "{DDDE2D84-DB57-49F7-AE10-AFED66D65816}"
EndProject
Project("{9A19103F-16F7-4668-BE54-9A1E7A4F7556}") = "Web", "src\Web\Web.csproj", "{CFF7EF3C-1DE4-42AE-A0CE-F15091B44266}"
EndProject
Project("{9A19103F-16F7-4668-BE54-9A1E7A4F7556}") = "AppDomain.UnitTests", "tests\AppDomain.Tests\AppDomain.UnitTests.csproj", "{8FDE87EC-EBF4-425B-AD2C-2FF68526C114}"
EndProject
Project("{9A19103F-16F7-4668-BE54-9A1E7A4F7556}") = "Application.UnitTests", "tests\Application.UnitTests\Application.UnitTests.csproj", "{D766EDD2-DC98-4187-AE2D-21FB712347CF}"
EndProject
Project("{9A19103F-16F7-4668-BE54-9A1E7A4F7556}") = "Infrastructure.IntegrationTests", "tests\Infrastructure.IntegrationTests\Infrastructure.IntegrationTests.csproj", "{A589B02B-18EA-4993-99B5-8D307AC64324}"
EndProject
Project("{9A19103F-16F7-4668-BE54-9A1E7A4F7556}") = "Web.IntegratationTests", "tests\Web.IntegratationTests\Web.IntegratationTests.csproj", "{9A52E99D-F6D1-4AE5-8331-3AE8F5DE9ACF}"
EndProject
Global
	GlobalSection(SolutionConfigurationPlatforms) = preSolution
		Debug|Any CPU = Debug|Any CPU
		Release|Any CPU = Release|Any CPU
	EndGlobalSection
	GlobalSection(ProjectConfigurationPlatforms) = postSolution
		{2207366E-2E8A-4E8B-9689-45A56B2ABCD9}.Debug|Any CPU.ActiveCfg = Debug|Any CPU
		{2207366E-2E8A-4E8B-9689-45A56B2ABCD9}.Debug|Any CPU.Build.0 = Debug|Any CPU
		{2207366E-2E8A-4E8B-9689-45A56B2ABCD9}.Release|Any CPU.ActiveCfg = Release|Any CPU
		{2207366E-2E8A-4E8B-9689-45A56B2ABCD9}.Release|Any CPU.Build.0 = Release|Any CPU
		{E06F0FCE-92EA-49DA-B11E-9EC490419260}.Debug|Any CPU.ActiveCfg = Debug|Any CPU
		{E06F0FCE-92EA-49DA-B11E-9EC490419260}.Debug|Any CPU.Build.0 = Debug|Any CPU
		{E06F0FCE-92EA-49DA-B11E-9EC490419260}.Release|Any CPU.ActiveCfg = Release|Any CPU
		{E06F0FCE-92EA-49DA-B11E-9EC490419260}.Release|Any CPU.Build.0 = Release|Any CPU
		{DDDE2D84-DB57-49F7-AE10-AFED66D65816}.Debug|Any CPU.ActiveCfg = Debug|Any CPU
		{DDDE2D84-DB57-49F7-AE10-AFED66D65816}.Debug|Any CPU.Build.0 = Debug|Any CPU
		{DDDE2D84-DB57-49F7-AE10-AFED66D65816}.Release|Any CPU.ActiveCfg = Release|Any CPU
		{DDDE2D84-DB57-49F7-AE10-AFED66D65816}.Release|Any CPU.Build.0 = Release|Any CPU
		{CFF7EF3C-1DE4-42AE-A0CE-F15091B44266}.Debug|Any CPU.ActiveCfg = Debug|Any CPU
		{CFF7EF3C-1DE4-42AE-A0CE-F15091B44266}.Debug|Any CPU.Build.0 = Debug|Any CPU
		{CFF7EF3C-1DE4-42AE-A0CE-F15091B44266}.Release|Any CPU.ActiveCfg = Release|Any CPU
		{CFF7EF3C-1DE4-42AE-A0CE-F15091B44266}.Release|Any CPU.Build.0 = Release|Any CPU
		{8FDE87EC-EBF4-425B-AD2C-2FF68526C114}.Debug|Any CPU.ActiveCfg = Debug|Any CPU
		{8FDE87EC-EBF4-425B-AD2C-2FF68526C114}.Debug|Any CPU.Build.0 = Debug|Any CPU
		{8FDE87EC-EBF4-425B-AD2C-2FF68526C114}.Release|Any CPU.ActiveCfg = Release|Any CPU
		{8FDE87EC-EBF4-425B-AD2C-2FF68526C114}.Release|Any CPU.Build.0 = Release|Any CPU
		{D766EDD2-DC98-4187-AE2D-21FB712347CF}.Debug|Any CPU.ActiveCfg = Debug|Any CPU
		{D766EDD2-DC98-4187-AE2D-21FB712347CF}.Debug|Any CPU.Build.0 = Debug|Any CPU
		{D766EDD2-DC98-4187-AE2D-21FB712347CF}.Release|Any CPU.ActiveCfg = Release|Any CPU
		{D766EDD2-DC98-4187-AE2D-21FB712347CF}.Release|Any CPU.Build.0 = Release|Any CPU
		{A589B02B-18EA-4993-99B5-8D307AC64324}.Debug|Any CPU.ActiveCfg = Debug|Any CPU
		{A589B02B-18EA-4993-99B5-8D307AC64324}.Debug|Any CPU.Build.0 = Debug|Any CPU
		{A589B02B-18EA-4993-99B5-8D307AC64324}.Release|Any CPU.ActiveCfg = Release|Any CPU
		{A589B02B-18EA-4993-99B5-8D307AC64324}.Release|Any CPU.Build.0 = Release|Any CPU
		{9A52E99D-F6D1-4AE5-8331-3AE8F5DE9ACF}.Debug|Any CPU.ActiveCfg = Debug|Any CPU
		{9A52E99D-F6D1-4AE5-8331-3AE8F5DE9ACF}.Debug|Any CPU.Build.0 = Debug|Any CPU
		{9A52E99D-F6D1-4AE5-8331-3AE8F5DE9ACF}.Release|Any CPU.ActiveCfg = Release|Any CPU
		{9A52E99D-F6D1-4AE5-8331-3AE8F5DE9ACF}.Release|Any CPU.Build.0 = Release|Any CPU
	EndGlobalSection
	GlobalSection(SolutionProperties) = preSolution
		HideSolutionNode = FALSE
	EndGlobalSection
	GlobalSection(NestedProjects) = preSolution
		{2207366E-2E8A-4E8B-9689-45A56B2ABCD9} = {B5186A81-34C1-4CD3-A8C5-EE3712C1EEB2}
		{E06F0FCE-92EA-49DA-B11E-9EC490419260} = {B5186A81-34C1-4CD3-A8C5-EE3712C1EEB2}
		{DDDE2D84-DB57-49F7-AE10-AFED66D65816} = {B5186A81-34C1-4CD3-A8C5-EE3712C1EEB2}
		{CFF7EF3C-1DE4-42AE-A0CE-F15091B44266} = {B5186A81-34C1-4CD3-A8C5-EE3712C1EEB2}
		{8FDE87EC-EBF4-425B-AD2C-2FF68526C114} = {2AFA2085-63F8-482E-AF59-AE59B5871596}
		{D766EDD2-DC98-4187-AE2D-21FB712347CF} = {2AFA2085-63F8-482E-AF59-AE59B5871596}
		{A589B02B-18EA-4993-99B5-8D307AC64324} = {2AFA2085-63F8-482E-AF59-AE59B5871596}
		{9A52E99D-F6D1-4AE5-8331-3AE8F5DE9ACF} = {2AFA2085-63F8-482E-AF59-AE59B5871596}
	EndGlobalSection
	GlobalSection(ExtensibilityGlobals) = postSolution
		SolutionGuid = {266D6F7F-7EF1-4C2D-AB0F-96ACBFB5AB52}
	EndGlobalSection
EndGlobal
